
Microsoft Visual Studio Solution File, Format Version 12.00
# Visual Studio Version 17
VisualStudioVersion = 17.4.33213.308
MinimumVisualStudioVersion = 10.0.40219.1
Project("{FAE04EC0-301F-11D3-BF4B-00C04F79EFBC}") = "WinFormsApp3", "WinFormsApp3.csproj", "{B0E7E6FD-79A0-4C82-95D7-A25C859E6615}"
EndProject
Global
	GlobalSection(SolutionConfigurationPlatforms) = preSolution
		Debug|Any CPU = Debug|Any CPU
		Release|Any CPU = Release|Any CPU
	EndGlobalSection
	GlobalSection(ProjectConfigurationPlatforms) = postSolution
		{B0E7E6FD-79A0-4C82-95D7-A25C859E6615}.Debug|Any CPU.ActiveCfg = Debug|Any CPU
		{B0E7E6FD-79A0-4C82-95D7-A25C859E6615}.Debug|Any CPU.Build.0 = Debug|Any CPU
		{B0E7E6FD-79A0-4C82-95D7-A25C859E6615}.Release|Any CPU.ActiveCfg = Release|Any CPU
		{B0E7E6FD-79A0-4C82-95D7-A25C859E6615}.Release|Any CPU.Build.0 = Release|Any CPU
	EndGlobalSection
	GlobalSection(SolutionProperties) = preSolution
		HideSolutionNode = FALSE
	EndGlobalSection
	GlobalSection(ExtensibilityGlobals) = postSolution
		SolutionGuid = {49E63F82-A355-4CB1-A75F-338B6AFF0D98}
	EndGlobalSection
EndGlobal
